# This file is automatically @generated by Poetry 1.8.2 and should not be changed by hand.

[[package]]
name = "colorama"
version = "0.4.6"
description = "Cross-platform colored terminal text."
optional = false
python-versions = "!=3.0.*,!=3.1.*,!=3.2.*,!=3.3.*,!=3.4.*,!=3.5.*,!=3.6.*,>=2.7"
files = [
    {file = "colorama-0.4.6-py2.py3-none-any.whl", hash = "sha256:4f1d9991f5acc0ca119f9d443620b77f9d6b33703e51011c16baf57afb285fc6"},
    {file = "colorama-0.4.6.tar.gz", hash = "sha256:08695f5cb7ed6e0531a20572697297273c47b8cae5a63ffc6d6ed5c201be6e44"},
]

[[package]]
name = "numpy"
version = "2.3.2"
description = "Fundamental package for array computing in Python"
optional = false
python-versions = ">=3.11"
files = [
    {file = "numpy-2.3.2-cp311-cp311-macosx_10_9_x86_64.whl", hash = "sha256:852ae5bed3478b92f093e30f785c98e0cb62fa0a939ed057c31716e18a7a22b9"},
    {file = "numpy-2.3.2-cp311-cp311-macosx_11_0_arm64.whl", hash = "sha256:7a0e27186e781a69959d0230dd9909b5e26024f8da10683bd6344baea1885168"},
    {file = "numpy-2.3.2-cp311-cp311-macosx_14_0_arm64.whl", hash = "sha256:f0a1a8476ad77a228e41619af2fa9505cf69df928e9aaa165746584ea17fed2b"},
    {file = "numpy-2.3.2-cp311-cp311-macosx_14_0_x86_64.whl", hash = "sha256:cbc95b3813920145032412f7e33d12080f11dc776262df1712e1638207dde9e8"},
    {file = "numpy-2.3.2-cp311-cp311-manylinux_2_27_aarch64.manylinux_2_28_aarch64.whl", hash = "sha256:f75018be4980a7324edc5930fe39aa391d5734531b1926968605416ff58c332d"},
    {file = "numpy-2.3.2-cp311-cp311-manylinux_2_27_x86_64.manylinux_2_28_x86_64.whl", hash = "sha256:20b8200721840f5621b7bd03f8dcd78de33ec522fc40dc2641aa09537df010c3"},
    {file = "numpy-2.3.2-cp311-cp311-musllinux_1_2_aarch64.whl", hash = "sha256:1f91e5c028504660d606340a084db4b216567ded1056ea2b4be4f9d10b67197f"},
    {file = "numpy-2.3.2-cp311-cp311-musllinux_1_2_x86_64.whl", hash = "sha256:fb1752a3bb9a3ad2d6b090b88a9a0ae1cd6f004ef95f75825e2f382c183b2097"},
    {file = "numpy-2.3.2-cp311-cp311-win32.whl", hash = "sha256:4ae6863868aaee2f57503c7a5052b3a2807cf7a3914475e637a0ecd366ced220"},
    {file = "numpy-2.3.2-cp311-cp311-win_amd64.whl", hash = "sha256:240259d6564f1c65424bcd10f435145a7644a65a6811cfc3201c4a429ba79170"},
    {file = "numpy-2.3.2-cp311-cp311-win_arm64.whl", hash = "sha256:4209f874d45f921bde2cff1ffcd8a3695f545ad2ffbef6d3d3c6768162efab89"},
    {file = "numpy-2.3.2-cp312-cp312-macosx_10_13_x86_64.whl", hash = "sha256:bc3186bea41fae9d8e90c2b4fb5f0a1f5a690682da79b92574d63f56b529080b"},
    {file = "numpy-2.3.2-cp312-cp312-macosx_11_0_arm64.whl", hash = "sha256:2f4f0215edb189048a3c03bd5b19345bdfa7b45a7a6f72ae5945d2a28272727f"},
    {file = "numpy-2.3.2-cp312-cp312-macosx_14_0_arm64.whl", hash = "sha256:8b1224a734cd509f70816455c3cffe13a4f599b1bf7130f913ba0e2c0b2006c0"},
    {file = "numpy-2.3.2-cp312-cp312-macosx_14_0_x86_64.whl", hash = "sha256:3dcf02866b977a38ba3ec10215220609ab9667378a9e2150615673f3ffd6c73b"},
    {file = "numpy-2.3.2-cp312-cp312-manylinux_2_27_aarch64.manylinux_2_28_aarch64.whl", hash = "sha256:572d5512df5470f50ada8d1972c5f1082d9a0b7aa5944db8084077570cf98370"},
    {file = "numpy-2.3.2-cp312-cp312-manylinux_2_27_x86_64.manylinux_2_28_x86_64.whl", hash = "sha256:8145dd6d10df13c559d1e4314df29695613575183fa2e2d11fac4c208c8a1f73"},
    {file = "numpy-2.3.2-cp312-cp312-musllinux_1_2_aarch64.whl", hash = "sha256:103ea7063fa624af04a791c39f97070bf93b96d7af7eb23530cd087dc8dbe9dc"},
    {file = "numpy-2.3.2-cp312-cp312-musllinux_1_2_x86_64.whl", hash = "sha256:fc927d7f289d14f5e037be917539620603294454130b6de200091e23d27dc9be"},
    {file = "numpy-2.3.2-cp312-cp312-win32.whl", hash = "sha256:d95f59afe7f808c103be692175008bab926b59309ade3e6d25009e9a171f7036"},
    {file = "numpy-2.3.2-cp312-cp312-win_amd64.whl", hash = "sha256:9e196ade2400c0c737d93465327d1ae7c06c7cb8a1756121ebf54b06ca183c7f"},
    {file = "numpy-2.3.2-cp312-cp312-win_arm64.whl", hash = "sha256:ee807923782faaf60d0d7331f5e86da7d5e3079e28b291973c545476c2b00d07"},
    {file = "numpy-2.3.2-cp313-cp313-macosx_10_13_x86_64.whl", hash = "sha256:c8d9727f5316a256425892b043736d63e89ed15bbfe6556c5ff4d9d4448ff3b3"},
    {file = "numpy-2.3.2-cp313-cp313-macosx_11_0_arm64.whl", hash = "sha256:efc81393f25f14d11c9d161e46e6ee348637c0a1e8a54bf9dedc472a3fae993b"},
    {file = "numpy-2.3.2-cp313-cp313-macosx_14_0_arm64.whl", hash = "sha256:dd937f088a2df683cbb79dda9a772b62a3e5a8a7e76690612c2737f38c6ef1b6"},
    {file = "numpy-2.3.2-cp313-cp313-macosx_14_0_x86_64.whl", hash = "sha256:11e58218c0c46c80509186e460d79fbdc9ca1eb8d8aee39d8f2dc768eb781089"},
    {file = "numpy-2.3.2-cp313-cp313-manylinux_2_27_aarch64.manylinux_2_28_aarch64.whl", hash = "sha256:5ad4ebcb683a1f99f4f392cc522ee20a18b2bb12a2c1c42c3d48d5a1adc9d3d2"},
    {file = "numpy-2.3.2-cp313-cp313-manylinux_2_27_x86_64.manylinux_2_28_x86_64.whl", hash = "sha256:938065908d1d869c7d75d8ec45f735a034771c6ea07088867f713d1cd3bbbe4f"},
    {file = "numpy-2.3.2-cp313-cp313-musllinux_1_2_aarch64.whl", hash = "sha256:66459dccc65d8ec98cc7df61307b64bf9e08101f9598755d42d8ae65d9a7a6ee"},
    {file = "numpy-2.3.2-cp313-cp313-musllinux_1_2_x86_64.whl", hash = "sha256:a7af9ed2aa9ec5950daf05bb11abc4076a108bd3c7db9aa7251d5f107079b6a6"},
    {file = "numpy-2.3.2-cp313-cp313-win32.whl", hash = "sha256:906a30249315f9c8e17b085cc5f87d3f369b35fedd0051d4a84686967bdbbd0b"},
    {file = "numpy-2.3.2-cp313-cp313-win_amd64.whl", hash = "sha256:c63d95dc9d67b676e9108fe0d2182987ccb0f11933c1e8959f42fa0da8d4fa56"},
    {file = "numpy-2.3.2-cp313-cp313-win_arm64.whl", hash = "sha256:b05a89f2fb84d21235f93de47129dd4f11c16f64c87c33f5e284e6a3a54e43f2"},
    {file = "numpy-2.3.2-cp313-cp313t-macosx_10_13_x86_64.whl", hash = "sha256:4e6ecfeddfa83b02318f4d84acf15fbdbf9ded18e46989a15a8b6995dfbf85ab"},
    {file = "numpy-2.3.2-cp313-cp313t-macosx_11_0_arm64.whl", hash = "sha256:508b0eada3eded10a3b55725b40806a4b855961040180028f52580c4729916a2"},
    {file = "numpy-2.3.2-cp313-cp313t-macosx_14_0_arm64.whl", hash = "sha256:754d6755d9a7588bdc6ac47dc4ee97867271b17cee39cb87aef079574366db0a"},
    {file = "numpy-2.3.2-cp313-cp313t-macosx_14_0_x86_64.whl", hash = "sha256:a9f66e7d2b2d7712410d3bc5684149040ef5f19856f20277cd17ea83e5006286"},
    {file = "numpy-2.3.2-cp313-cp313t-manylinux_2_27_aarch64.manylinux_2_28_aarch64.whl", hash = "sha256:de6ea4e5a65d5a90c7d286ddff2b87f3f4ad61faa3db8dabe936b34c2275b6f8"},
    {file = "numpy-2.3.2-cp313-cp313t-manylinux_2_27_x86_64.manylinux_2_28_x86_64.whl", hash = "sha256:a3ef07ec8cbc8fc9e369c8dcd52019510c12da4de81367d8b20bc692aa07573a"},
    {file = "numpy-2.3.2-cp313-cp313t-musllinux_1_2_aarch64.whl", hash = "sha256:27c9f90e7481275c7800dc9c24b7cc40ace3fdb970ae4d21eaff983a32f70c91"},
    {file = "numpy-2.3.2-cp313-cp313t-musllinux_1_2_x86_64.whl", hash = "sha256:07b62978075b67eee4065b166d000d457c82a1efe726cce608b9db9dd66a73a5"},
    {file = "numpy-2.3.2-cp313-cp313t-win32.whl", hash = "sha256:c771cfac34a4f2c0de8e8c97312d07d64fd8f8ed45bc9f5726a7e947270152b5"},
    {file = "numpy-2.3.2-cp313-cp313t-win_amd64.whl", hash = "sha256:72dbebb2dcc8305c431b2836bcc66af967df91be793d63a24e3d9b741374c450"},
    {file = "numpy-2.3.2-cp313-cp313t-win_arm64.whl", hash = "sha256:72c6df2267e926a6d5286b0a6d556ebe49eae261062059317837fda12ddf0c1a"},
    {file = "numpy-2.3.2-cp314-cp314-macosx_10_13_x86_64.whl", hash = "sha256:448a66d052d0cf14ce9865d159bfc403282c9bc7bb2a31b03cc18b651eca8b1a"},
    {file = "numpy-2.3.2-cp314-cp314-macosx_11_0_arm64.whl", hash = "sha256:546aaf78e81b4081b2eba1d105c3b34064783027a06b3ab20b6eba21fb64132b"},
    {file = "numpy-2.3.2-cp314-cp314-macosx_14_0_arm64.whl", hash = "sha256:87c930d52f45df092f7578889711a0768094debf73cfcde105e2d66954358125"},
    {file = "numpy-2.3.2-cp314-cp314-macosx_14_0_x86_64.whl", hash = "sha256:8dc082ea901a62edb8f59713c6a7e28a85daddcb67454c839de57656478f5b19"},
    {file = "numpy-2.3.2-cp314-cp314-manylinux_2_27_aarch64.manylinux_2_28_aarch64.whl", hash = "sha256:af58de8745f7fa9ca1c0c7c943616c6fe28e75d0c81f5c295810e3c83b5be92f"},
    {file = "numpy-2.3.2-cp314-cp314-manylinux_2_27_x86_64.manylinux_2_28_x86_64.whl", hash = "sha256:fed5527c4cf10f16c6d0b6bee1f89958bccb0ad2522c8cadc2efd318bcd545f5"},
    {file = "numpy-2.3.2-cp314-cp314-musllinux_1_2_aarch64.whl", hash = "sha256:095737ed986e00393ec18ec0b21b47c22889ae4b0cd2d5e88342e08b01141f58"},
    {file = "numpy-2.3.2-cp314-cp314-musllinux_1_2_x86_64.whl", hash = "sha256:b5e40e80299607f597e1a8a247ff8d71d79c5b52baa11cc1cce30aa92d2da6e0"},
    {file = "numpy-2.3.2-cp314-cp314-win32.whl", hash = "sha256:7d6e390423cc1f76e1b8108c9b6889d20a7a1f59d9a60cac4a050fa734d6c1e2"},
    {file = "numpy-2.3.2-cp314-cp314-win_amd64.whl", hash = "sha256:b9d0878b21e3918d76d2209c924ebb272340da1fb51abc00f986c258cd5e957b"},
    {file = "numpy-2.3.2-cp314-cp314-win_arm64.whl", hash = "sha256:2738534837c6a1d0c39340a190177d7d66fdf432894f469728da901f8f6dc910"},
    {file = "numpy-2.3.2-cp314-cp314t-macosx_10_13_x86_64.whl", hash = "sha256:4d002ecf7c9b53240be3bb69d80f86ddbd34078bae04d87be81c1f58466f264e"},
    {file = "numpy-2.3.2-cp314-cp314t-macosx_11_0_arm64.whl", hash = "sha256:293b2192c6bcce487dbc6326de5853787f870aeb6c43f8f9c6496db5b1781e45"},
    {file = "numpy-2.3.2-cp314-cp314t-macosx_14_0_arm64.whl", hash = "sha256:0a4f2021a6da53a0d580d6ef5db29947025ae8b35b3250141805ea9a32bbe86b"},
    {file = "numpy-2.3.2-cp314-cp314t-macosx_14_0_x86_64.whl", hash = "sha256:9c144440db4bf3bb6372d2c3e49834cc0ff7bb4c24975ab33e01199e645416f2"},
    {file = "numpy-2.3.2-cp314-cp314t-manylinux_2_27_aarch64.manylinux_2_28_aarch64.whl", hash = "sha256:f92d6c2a8535dc4fe4419562294ff957f83a16ebdec66df0805e473ffaad8bd0"},
    {file = "numpy-2.3.2-cp314-cp314t-manylinux_2_27_x86_64.manylinux_2_28_x86_64.whl", hash = "sha256:cefc2219baa48e468e3db7e706305fcd0c095534a192a08f31e98d83a7d45fb0"},
    {file = "numpy-2.3.2-cp314-cp314t-musllinux_1_2_aarch64.whl", hash = "sha256:76c3e9501ceb50b2ff3824c3589d5d1ab4ac857b0ee3f8f49629d0de55ecf7c2"},
    {file = "numpy-2.3.2-cp314-cp314t-musllinux_1_2_x86_64.whl", hash = "sha256:122bf5ed9a0221b3419672493878ba4967121514b1d7d4656a7580cd11dddcbf"},
    {file = "numpy-2.3.2-cp314-cp314t-win32.whl", hash = "sha256:6f1ae3dcb840edccc45af496f312528c15b1f79ac318169d094e85e4bb35fdf1"},
    {file = "numpy-2.3.2-cp314-cp314t-win_amd64.whl", hash = "sha256:087ffc25890d89a43536f75c5fe8770922008758e8eeeef61733957041ed2f9b"},
    {file = "numpy-2.3.2-cp314-cp314t-win_arm64.whl", hash = "sha256:092aeb3449833ea9c0bf0089d70c29ae480685dd2377ec9cdbbb620257f84631"},
    {file = "numpy-2.3.2-pp311-pypy311_pp73-macosx_10_15_x86_64.whl", hash = "sha256:14a91ebac98813a49bc6aa1a0dfc09513dcec1d97eaf31ca21a87221a1cdcb15"},
    {file = "numpy-2.3.2-pp311-pypy311_pp73-macosx_11_0_arm64.whl", hash = "sha256:71669b5daae692189540cffc4c439468d35a3f84f0c88b078ecd94337f6cb0ec"},
    {file = "numpy-2.3.2-pp311-pypy311_pp73-macosx_14_0_arm64.whl", hash = "sha256:69779198d9caee6e547adb933941ed7520f896fd9656834c300bdf4dd8642712"},
    {file = "numpy-2.3.2-pp311-pypy311_pp73-macosx_14_0_x86_64.whl", hash = "sha256:2c3271cc4097beb5a60f010bcc1cc204b300bb3eafb4399376418a83a1c6373c"},
    {file = "numpy-2.3.2-pp311-pypy311_pp73-manylinux_2_27_aarch64.manylinux_2_28_aarch64.whl", hash = "sha256:8446acd11fe3dc1830568c941d44449fd5cb83068e5c70bd5a470d323d448296"},
    {file = "numpy-2.3.2-pp311-pypy311_pp73-manylinux_2_27_x86_64.manylinux_2_28_x86_64.whl", hash = "sha256:aa098a5ab53fa407fded5870865c6275a5cd4101cfdef8d6fafc48286a96e981"},
    {file = "numpy-2.3.2-pp311-pypy311_pp73-win_amd64.whl", hash = "sha256:6936aff90dda378c09bea075af0d9c675fe3a977a9d2402f95a87f440f59f619"},
    {file = "numpy-2.3.2.tar.gz", hash = "sha256:e0486a11ec30cdecb53f184d496d1c6a20786c81e55e41640270130056f8ee48"},
]

[[package]]
name = "pydicom"
version = "3.0.1"
description = "A pure Python package for reading and writing DICOM data"
optional = false
python-versions = ">=3.10"
files = [
    {file = "pydicom-3.0.1-py3-none-any.whl", hash = "sha256:db32f78b2641bd7972096b8289111ddab01fb221610de8d7afa835eb938adb41"},
    {file = "pydicom-3.0.1.tar.gz", hash = "sha256:7b8be344b5b62493c9452ba6f5a299f78f8a6ab79786c729b0613698209603ec"},
]

[package.extras]
basic = ["numpy", "types-pydicom"]
dev = ["black (==24.8.0)", "mypy (==1.11.2)", "pre-commit", "pydicom-data", "pytest", "pytest-cov", "ruff (==0.6.3)", "types-requests"]
docs = ["matplotlib", "numpy", "numpydoc", "pillow", "sphinx", "sphinx-copybutton", "sphinx-gallery", "sphinx_rtd_theme", "sphinxcontrib-jquery", "sphinxcontrib-napoleon"]
gpl-license = ["pylibjpeg[libjpeg]"]
pixeldata = ["numpy", "pillow", "pyjpegls", "pylibjpeg[openjpeg]", "pylibjpeg[rle]", "python-gdcm"]

[[package]]
name = "pylibjpeg"
version = "2.1.0"
description = "A Python framework for decoding JPEG and decoding/encoding DICOM RLE data, with a focus on supporting pydicom"
optional = true
python-versions = ">=3.10"
files = [
    {file = "pylibjpeg-2.1.0-py3-none-any.whl", hash = "sha256:25df9496a69e64e98c887fddee12a1271e275b5f74ba804f9bf98a08bb80993e"},
    {file = "pylibjpeg-2.1.0.tar.gz", hash = "sha256:2decda24982394533f16f1c6a17a6242f3391b95f69fac56c6a598a6b1362105"},
]

[package.dependencies]
numpy = "*"

[package.extras]
all = ["pylibjpeg-libjpeg", "pylibjpeg-openjpeg", "pylibjpeg-rle"]
dev = ["black (>=23.12)", "mypy (>=1.8)", "pytest", "pytest-cov"]
libjpeg = ["pylibjpeg-libjpeg"]
openjpeg = ["pylibjpeg-openjpeg"]
rle = ["pylibjpeg-rle"]

[[package]]
name = "pylibjpeg-libjpeg"
version = "2.3.0"
description = "A Python wrapper for libjpeg, with a focus on use as a plugin for for pylibjpeg"
optional = true
python-versions = "<4.0,>=3.9"
files = [
    {file = "pylibjpeg_libjpeg-2.3.0-cp310-cp310-macosx_10_9_x86_64.whl", hash = "sha256:1c403dddfd74b1e27abbd330b12aa4943657bfe0c3cd822d683f21d62ffafd95"},
    {file = "pylibjpeg_libjpeg-2.3.0-cp310-cp310-macosx_11_0_arm64.whl", hash = "sha256:1415e5af1a1b03bc26da1992e1ff184a0fd71ea375d004e438146b60b2dd6605"},
    {file = "pylibjpeg_libjpeg-2.3.0-cp310-cp310-manylinux_2_17_aarch64.manylinux2014_aarch64.whl", hash = "sha256:1128b81b53c296d1f9ef7eda39a7f7f2d2cb3a29a4d9ba029f91a6877962069f"},
    {file = "pylibjpeg_libjpeg-2.3.0-cp310-cp310-manylinux_2_17_x86_64.manylinux2014_x86_64.whl", hash = "sha256:fa36f121fac22646e6e9f2d8da9597cd8622f664e4144b74f2425d2c71b5e5ac"},
    {file = "pylibjpeg_libjpeg-2.3.0-cp310-cp310-win32.whl", hash = "sha256:15ec699428061920dfa066ec3091d0600bda650fe353521c2c8199fd37ae0ed5"},
    {file = "pylibjpeg_libjpeg-2.3.0-cp310-cp310-win_amd64.whl", hash = "sha256:86974c11925866217e4d1b525054124e5e6f4035fcedf0638b8c9e7c307e1767"},
    {file = "pylibjpeg_libjpeg-2.3.0-cp311-cp311-macosx_10_9_x86_64.whl", hash = "sha256:b5333e5a2ea6654212a28270eb8dbf554b481eafda13bbab6881ee9b73830db0"},
    {file = "pylibjpeg_libjpeg-2.3.0-cp311-cp311-macosx_11_0_arm64.whl", hash = "sha256:a345fc2e954fa4068e4b6a962ca603af12932712ae07c80eab4c215dc90cc98d"},
    {file = "pylibjpeg_libjpeg-2.3.0-cp311-cp311-manylinux_2_17_aarch64.manylinux2014_aarch64.whl", hash = "sha256:1701ab9f0b8a2c1670dc1e407fad77a3d5f1d4233331aa24f001891c73e950bd"},
    {file = "pylibjpeg_libjpeg-2.3.0-cp311-cp311-manylinux_2_17_x86_64.manylinux2014_x86_64.whl", hash = "sha256:2c142de3ba0ecc18b54517c4b63de5f9cae45cbf6a4b457ab18059af05e7f2f7"},
    {file = "pylibjpeg_libjpeg-2.3.0-cp311-cp311-win32.whl", hash = "sha256:5ac15f5b9d146a3e8dd4d27c51079388efbcff7f222495c86ef708adad2ca2de"},
    {file = "pylibjpeg_libjpeg-2.3.0-cp311-cp311-win_amd64.whl", hash = "sha256:ebd5cd0bf332aee524d23780b5d593aabdc420571f6d4653b130b15e0c89562f"},
    {file = "pylibjpeg_libjpeg-2.3.0-cp312-cp312-macosx_10_13_x86_64.whl", hash = "sha256:7461d83d23412fd5596f42858fa414e4ac48632160e17d77875f5fd6b4925af9"},
    {file = "pylibjpeg_libjpeg-2.3.0-cp312-cp312-macosx_11_0_arm64.whl", hash = "sha256:86ef2285ffafcce6c492738c5f707c0a7141fb8f6e0a3392a2495f653965379f"},
    {file = "pylibjpeg_libjpeg-2.3.0-cp312-cp312-manylinux_2_17_aarch64.manylinux2014_aarch64.whl", hash = "sha256:61e433d3e94e3a66c303fc82b354489abb79487659ca681c62365d6e6d847470"},
    {file = "pylibjpeg_libjpeg-2.3.0-cp312-cp312-manylinux_2_17_x86_64.manylinux2014_x86_64.whl", hash = "sha256:a630e38fd85aad11d0cec247d42d4a4bac86f2614b6eade2619ef821627ad8bb"},
    {file = "pylibjpeg_libjpeg-2.3.0-cp312-cp312-win32.whl", hash = "sha256:865cb985fc0671908881d54455fc6a72cfe02f6f047f9330f4ba8852b81ed7c0"},
    {file = "pylibjpeg_libjpeg-2.3.0-cp312-cp312-win_amd64.whl", hash = "sha256:05d04602b81fa9eb8c33147cf54224725141358f8bf66fd2677bbef5c0e19a48"},
    {file = "pylibjpeg_libjpeg-2.3.0-cp313-cp313-macosx_10_13_x86_64.whl", hash = "sha256:df5db32f1ddfb47c30de9613ace38a0e685f75bf30bd42594c8d54057e5fb8a9"},
    {file = "pylibjpeg_libjpeg-2.3.0-cp313-cp313-macosx_11_0_arm64.whl", hash = "sha256:87f334baddb5f7606cb999e3c96e900d25a320b35bf3c0f5061fb2679e876841"},
    {file = "pylibjpeg_libjpeg-2.3.0-cp313-cp313-manylinux_2_17_aarch64.manylinux2014_aarch64.whl", hash = "sha256:5acf60b2d531bafccc5d8edabd59fc4c542d835ef8772392d6690a994ca9aef0"},
    {file = "pylibjpeg_libjpeg-2.3.0-cp313-cp313-manylinux_2_17_x86_64.manylinux2014_x86_64.whl", hash = "sha256:7744848b239e969162ad65dd2bc7470e14d9eb324ee26d519bd8012fb8e237b8"},
    {file = "pylibjpeg_libjpeg-2.3.0-cp313-cp313-win32.whl", hash = "sha256:ec974e854f220714d70e51ee02c832bbdb04bba41007fb962b209622560157fe"},
    {file = "pylibjpeg_libjpeg-2.3.0-cp313-cp313-win_amd64.whl", hash = "sha256:0b8469237b9b0600cff7af4cf570689667b0e542e10ed9d5a2defe6355a84e60"},
    {file = "pylibjpeg_libjpeg-2.3.0-cp39-cp39-macosx_10_9_x86_64.whl", hash = "sha256:05d9e3511d303a47581ba45e6c7aab911eea7a3e823d353a5af5adf9685f60e7"},
    {file = "pylibjpeg_libjpeg-2.3.0-cp39-cp39-macosx_11_0_arm64.whl", hash = "sha256:70f5466458acfc45fd786e43bd43930ad0eaecaf1017dc56850e9f86524bb2ca"},
    {file = "pylibjpeg_libjpeg-2.3.0-cp39-cp39-manylinux_2_17_aarch64.manylinux2014_aarch64.whl", hash = "sha256:51d036aa961cf3561986598408ddd48af6c5789918eea64282774d04469668f5"},
    {file = "pylibjpeg_libjpeg-2.3.0-cp39-cp39-manylinux_2_17_x86_64.manylinux2014_x86_64.whl", hash = "sha256:c20ba487553ddb51ae4f5627b10699f9b0260625a19e5ce16c2c3e8dc760c391"},
    {file = "pylibjpeg_libjpeg-2.3.0-cp39-cp39-win32.whl", hash = "sha256:a90f5e6eb8f19bab73d932bcb20316b0bd026bc6308c94dcf9fb1826d830e115"},
    {file = "pylibjpeg_libjpeg-2.3.0-cp39-cp39-win_amd64.whl", hash = "sha256:5160f84bb88c0e59a2bcd51fd5a5e98a32c156c9380a583fbbfa8157e4526e98"},
    {file = "pylibjpeg_libjpeg-2.3.0.tar.gz", hash = "sha256:ffb736acee1dfd446f387d45dfec83a144c7971e5cde290d9aafefa5dee99dd0"},
]

[package.dependencies]
numpy = ">=2.0,<3.0"

[[package]]
name = "pylibjpeg-openjpeg"
version = "2.5.0"
description = "A Python wrapper for openjpeg, with a focus on use as a plugin for for pylibjpeg"
optional = true
python-versions = "<4.0,>=3.9"
files = [
    {file = "pylibjpeg_openjpeg-2.5.0-cp310-cp310-macosx_10_9_x86_64.whl", hash = "sha256:c1e55e76b30d98a511267613c9b8cbc2a4a0bd95ffeb5dcb3da790a85c254795"},
    {file = "pylibjpeg_openjpeg-2.5.0-cp310-cp310-macosx_11_0_arm64.whl", hash = "sha256:69ab195e72a862953a92246b1574d555c3cc6d15a0056341bf7f39709611fc64"},
    {file = "pylibjpeg_openjpeg-2.5.0-cp310-cp310-manylinux2014_aarch64.manylinux_2_17_aarch64.manylinux_2_28_aarch64.whl", hash = "sha256:11b65b30e04bd6b1b0c15940642417a2b5d8fc92ace246020225eb7b89165111"},
    {file = "pylibjpeg_openjpeg-2.5.0-cp310-cp310-manylinux2014_x86_64.manylinux_2_17_x86_64.whl", hash = "sha256:e6d1f980eb912a996c38549cfc4ba0da18e9ffda3a0a9328586d175ec97f1755"},
    {file = "pylibjpeg_openjpeg-2.5.0-cp310-cp310-win32.whl", hash = "sha256:c95534d676eb0f5badd51f0aec0264887a7f094d56a0f7ac25b0c96bc502080b"},
    {file = "pylibjpeg_openjpeg-2.5.0-cp310-cp310-win_amd64.whl", hash = "sha256:a589dee1a0795c6fbb507b29ac80cd3d55b719bfaf608f30f1ec345c08ff7d0d"},
    {file = "pylibjpeg_openjpeg-2.5.0-cp311-cp311-macosx_10_9_x86_64.whl", hash = "sha256:8db72c9fb92f116fda404b7ce3cf6711d63e558a8bc9fb85abd085ea1d44eabd"},
    {file = "pylibjpeg_openjpeg-2.5.0-cp311-cp311-macosx_11_0_arm64.whl", hash = "sha256:7a23c679e5315bd64831cecb4efafe51aa9f3fea8227ca480a7157af4e26cacc"},
    {file = "pylibjpeg_openjpeg-2.5.0-cp311-cp311-manylinux2014_aarch64.manylinux_2_17_aarch64.manylinux_2_28_aarch64.whl", hash = "sha256:968f68db944c9cf090442e237f4b638146919af2dd7bdca19f112d026b5a81b7"},
    {file = "pylibjpeg_openjpeg-2.5.0-cp311-cp311-manylinux2014_x86_64.manylinux_2_17_x86_64.whl", hash = "sha256:8db06c73a9b5fbb246b8cabde1ed96a9605af34a6a6b12951a2191f420ef2abc"},
    {file = "pylibjpeg_openjpeg-2.5.0-cp311-cp311-win32.whl", hash = "sha256:c241d925c8d4f16bd1e0ae454535cc25e034cc3a7870bbf3522c897eadad38f0"},
    {file = "pylibjpeg_openjpeg-2.5.0-cp311-cp311-win_amd64.whl", hash = "sha256:b8a5c97661a6a1be418b86d98e3839e65d2a748a28d1683bfd0ce2937272f914"},
    {file = "pylibjpeg_openjpeg-2.5.0-cp312-cp312-macosx_10_13_x86_64.whl", hash = "sha256:64980e714b775a981ab61cfd875db91bc73293ad1d973f8777b54b10add316b1"},
    {file = "pylibjpeg_openjpeg-2.5.0-cp312-cp312-macosx_11_0_arm64.whl", hash = "sha256:743843ea3aac34281d5c72401cb8f2794201e8d2182994267831f86abef2af29"},
    {file = "pylibjpeg_openjpeg-2.5.0-cp312-cp312-manylinux2014_aarch64.manylinux_2_17_aarch64.manylinux_2_28_aarch64.whl", hash = "sha256:4f4f4ffd1aea6dac3f5a00ead4dd4335511d31c902b2c58e9da38c66120527d1"},
    {file = "pylibjpeg_openjpeg-2.5.0-cp312-cp312-manylinux2014_x86_64.manylinux_2_17_x86_64.whl", hash = "sha256:a22fcb649ba9849209d8e43dba88632445a5941f0cd6765338b3652a4c686140"},
    {file = "pylibjpeg_openjpeg-2.5.0-cp312-cp312-win32.whl", hash = "sha256:3c2ebe2c5a807a644e97da0217889d36b3dc14acfae6076fa3c9280c8fd7cc82"},
    {file = "pylibjpeg_openjpeg-2.5.0-cp312-cp312-win_amd64.whl", hash = "sha256:f1af4f0f2621381bb60f063a49004e56b859e428b94ec3a1aabcc2cf1d082dbe"},
    {file = "pylibjpeg_openjpeg-2.5.0-cp313-cp313-macosx_10_13_x86_64.whl", hash = "sha256:bc62211da34bececc6f0c092fcce6cbe50548dff1c8a8ec0619d983fb3ab72fd"},
    {file = "pylibjpeg_openjpeg-2.5.0-cp313-cp313-macosx_11_0_arm64.whl", hash = "sha256:ba9e6098a940e1944509d991ec624c13762972a57900b01edd07a69debb11bfe"},
    {file = "pylibjpeg_openjpeg-2.5.0-cp313-cp313-manylinux2014_aarch64.manylinux_2_17_aarch64.manylinux_2_28_aarch64.whl", hash = "sha256:86381a227628595ee89da90bb7ff58a79cb7b3e5ef11c75669cb757cb39ea28d"},
    {file = "pylibjpeg_openjpeg-2.5.0-cp313-cp313-manylinux2014_x86_64.manylinux_2_17_x86_64.whl", hash = "sha256:d7e8dd2e1d289d6d1cdc0e9b2df2021277052f72cdabe63771b0ca3ab3b6cc4b"},
    {file = "pylibjpeg_openjpeg-2.5.0-cp313-cp313-win32.whl", hash = "sha256:8e8ae039f344729ff1d83fbf9ddf5ea92db9adc5ed5acda225ba95bfac386d2c"},
    {file = "pylibjpeg_openjpeg-2.5.0-cp313-cp313-win_amd64.whl", hash = "sha256:c25f623299b853917857738500bafa0d1315fc1a7149822a7e27f4bb64cec0a9"},
    {file = "pylibjpeg_openjpeg-2.5.0-cp314-cp314-macosx_10_13_x86_64.whl", hash = "sha256:b2005420bb1d80ab307a9273fc8ce3a6a4741b3084fc335a121bb4911f3d0efb"},
    {file = "pylibjpeg_openjpeg-2.5.0-cp314-cp314-macosx_11_0_arm64.whl", hash = "sha256:b15736717ff66486c26edb3723cd66513c62d1e6162616ed5a6819c2beeef5ea"},
    {file = "pylibjpeg_openjpeg-2.5.0-cp314-cp314-manylinux2014_aarch64.manylinux_2_17_aarch64.manylinux_2_28_aarch64.whl", hash = "sha256:aa9460039232945d3f21ae696dd763d14b18cfcf8b88ed70a99591b2e301b2a5"},
    {file = "pylibjpeg_openjpeg-2.5.0-cp314-cp314-manylinux2014_x86_64.manylinux_2_17_x86_64.whl", hash = "sha256:bdfe3786c6e2d0ecada2dcbbd2b4d07eecf7a91699b9f2c1bd49a1bd74a6ef5e"},
    {file = "pylibjpeg_openjpeg-2.5.0-cp314-cp314-win32.whl", hash = "sha256:468d321a3573cf3ff4805bc3579eb4f4265288f95c307debeb4003098c07eb07"},
    {file = "pylibjpeg_openjpeg-2.5.0-cp314-cp314-win_amd64.whl", hash = "sha256:29acaec90ba74b025df9eddd836eee06f31b0e20334759d07e8ca771e50b27ef"},
    {file = "pylibjpeg_openjpeg-2.5.0-cp39-cp39-macosx_10_9_x86_64.whl", hash = "sha256:6ece39b33ec1fa9fa0d1097fb5884b260efdd271db745546e5f46b15b6df56ef"},
    {file = "pylibjpeg_openjpeg-2.5.0-cp39-cp39-macosx_11_0_arm64.whl", hash = "sha256:f358d1892b5a7050161cb73595061b4c6bf5f0b2d33142edb7cf601205c7a96e"},
    {file = "pylibjpeg_openjpeg-2.5.0-cp39-cp39-manylinux2014_aarch64.manylinux_2_17_aarch64.manylinux_2_28_aarch64.whl", hash = "sha256:b4d86568002037fcac790dabccac57a7b5d28d64f349bb4d81cc396c70aa361c"},
    {file = "pylibjpeg_openjpeg-2.5.0-cp39-cp39-manylinux2014_x86_64.manylinux_2_17_x86_64.whl", hash = "sha256:d70804b940e215f6c1a02ef3813a6b4b39e8d572cf1532a4cb0d379074590ca4"},
    {file = "pylibjpeg_openjpeg-2.5.0-cp39-cp39-win32.whl", hash = "sha256:de2430b4547251a6f7b84cb9d3a5e77ff915c2d889d6ba871f50375ef8413144"},
    {file = "pylibjpeg_openjpeg-2.5.0-cp39-cp39-win_amd64.whl", hash = "sha256:c88ab03698354d4ec93cea5b681419b0b019d497ac8890e3d72feb98a6963582"},
    {file = "pylibjpeg_openjpeg-2.5.0.tar.gz", hash = "sha256:e0ea4d9e59820b02c8437121ae65cc28e98d9e9150f4a6967f2c3ba805e7f873"},
]

[package.dependencies]
numpy = ">=2.0,<3.0"

[[package]]
name = "tqdm"
version = "4.67.1"
description = "Fast, Extensible Progress Meter"
optional = false
python-versions = ">=3.7"
files = [
    {file = "tqdm-4.67.1-py3-none-any.whl", hash = "sha256:26445eca388f82e72884e0d580d5464cd801a3ea01e63e5601bdff9ba6a48de2"},
    {file = "tqdm-4.67.1.tar.gz", hash = "sha256:f8aef9c52c08c13a65f30ea34f4e5aac3fd1a34959879d7e59e63027286627f2"},
]

[package.dependencies]
colorama = {version = "*", markers = "platform_system == \"Windows\""}

[package.extras]
dev = ["nbval", "pytest (>=6)", "pytest-asyncio (>=0.24)", "pytest-cov", "pytest-timeout"]
discord = ["requests"]
notebook = ["ipywidgets (>=6)"]
slack = ["slack-sdk"]
telegram = ["requests"]

[extras]
decoders = ["pylibjpeg", "pylibjpeg-libjpeg", "pylibjpeg-openjpeg"]

[metadata]
lock-version = "2.0"
python-versions = "^3.11"
content-hash = "e6fe71b331dabc3ace6151e4aa1511d6748d238522d67d2a3adc39916bdc2681"
